
Microsoft Visual Studio Solution File, Format Version 12.00
# Visual Studio Version 16
VisualStudioVersion = 16.0.34031.81
MinimumVisualStudioVersion = 10.0.40219.1
Project("{2150E333-8FDC-42A3-9474-1A3956D46DE8}") = "Task1", "Task1", "{A149BEBC-8C4E-4E77-B9A4-F551E76C3B6A}"
EndProject
Project("{FAE04EC0-301F-11D3-BF4B-00C04F79EFBC}") = "Tyuiu.BardievGA.Sprint0.Task1.V0", "Tyuiu.BardievGA.Sprint0.Task1.V0\Tyuiu.BardievGA.Sprint0.Task1.V0.csproj", "{681D4C05-256C-40F6-8571-0943DD6D32E6}"
EndProject
Project("{2150E333-8FDC-42A3-9474-1A3956D46DE8}") = "Task2", "Task2", "{2323CB1B-EC9B-48C2-BF9B-951AC3D1E296}"
EndProject
Project("{FAE04EC0-301F-11D3-BF4B-00C04F79EFBC}") = "Tyuiu.BardievaGA.Sprint0.Task2.V0", "Tyuiu.BardievaGA.Sprint0.Task2.V0\Tyuiu.BardievaGA.Sprint0.Task2.V0.csproj", "{FCFCE647-ED25-4222-B161-836BD46BA616}"
EndProject
Project("{FAE04EC0-301F-11D3-BF4B-00C04F79EFBC}") = "Tyuiu.BardievaGA.Sprint0.Task2.V0.Lib", "Tyuiu.BardievaGA.Sprint0.Task2.V0.Lib\Tyuiu.BardievaGA.Sprint0.Task2.V0.Lib.csproj", "{ABAD589E-CCCC-4F67-9401-402476F97038}"
EndProject
Project("{FAE04EC0-301F-11D3-BF4B-00C04F79EFBC}") = "Tyuiu.BardievaGA.Sprint0.Task2.V0.Test", "Tyuiu.BardievaGA.Sprint0.Task2.V0.Test\Tyuiu.BardievaGA.Sprint0.Task2.V0.Test.csproj", "{C8DF8A0D-D0C1-458E-81CC-17048F63E2EC}"
EndProject
Project("{2150E333-8FDC-42A3-9474-1A3956D46DE8}") = "Task3", "Task3", "{E8120271-BE66-46A8-83F9-75A66A3F9510}"
EndProject
Project("{FAE04EC0-301F-11D3-BF4B-00C04F79EFBC}") = "Tyuiu.BardievaGA.Sprint0.Task3.V0", "Tyuiu.BardievaGA.Sprint0.Task3.V0\Tyuiu.BardievaGA.Sprint0.Task3.V0.csproj", "{B9B12DA4-6AD5-4EC9-8E14-F34C6D0B0E00}"
EndProject
Project("{FAE04EC0-301F-11D3-BF4B-00C04F79EFBC}") = "Tyuiu.BardievaGA.Sprint0.Task3.V0.Lib", "Tyuiu.BardievaGA.Sprint0.Task3.V0.Lib\Tyuiu.BardievaGA.Sprint0.Task3.V0.Lib.csproj", "{204403FB-A604-4BA8-A239-D4E393EC4813}"
EndProject
Project("{FAE04EC0-301F-11D3-BF4B-00C04F79EFBC}") = "Tyuiu.BardievaGA.Sprint0.Task3.V0.Test", "Tyuiu.BardievaGA.Sprint0.Task3.V0.Test\Tyuiu.BardievaGA.Sprint0.Task3.V0.Test.csproj", "{FEFBED32-01B5-414D-BF7A-F58FB5CB2F63}"
EndProject
Project("{2150E333-8FDC-42A3-9474-1A3956D46DE8}") = "Task4", "Task4", "{44316453-2259-43F7-B648-B840375BC822}"
EndProject
Project("{FAE04EC0-301F-11D3-BF4B-00C04F79EFBC}") = "Tyuiu.BardievaGA.Sprint0.Task4.V0", "Tyuiu.BardievaGA.Sprint0.Task4.V0\Tyuiu.BardievaGA.Sprint0.Task4.V0.csproj", "{020E7597-D950-4543-AA3D-C3E9457708CA}"
EndProject
Project("{FAE04EC0-301F-11D3-BF4B-00C04F79EFBC}") = "Tyuiu.BardievaGA.Sprint0.Task4.V0.Lib", "Tyuiu.BardievaGA.Sprint0.Task4.V0.Lib\Tyuiu.BardievaGA.Sprint0.Task4.V0.Lib.csproj", "{55727BFD-4A15-4585-9F5A-08CBA15823BE}"
EndProject
Project("{FAE04EC0-301F-11D3-BF4B-00C04F79EFBC}") = "Tyuiu.BardievaGA.Sprint0.Task4.V0.Test", "Tyuiu.BardievaGA.Sprint0.Task4.V0.Test\Tyuiu.BardievaGA.Sprint0.Task4.V0.Test.csproj", "{9413E67B-59BF-490F-80CF-B099092FBB7D}"
EndProject
Global
	GlobalSection(SolutionConfigurationPlatforms) = preSolution
		Debug|Any CPU = Debug|Any CPU
		Release|Any CPU = Release|Any CPU
	EndGlobalSection
	GlobalSection(ProjectConfigurationPlatforms) = postSolution
		{681D4C05-256C-40F6-8571-0943DD6D32E6}.Debug|Any CPU.ActiveCfg = Debug|Any CPU
		{681D4C05-256C-40F6-8571-0943DD6D32E6}.Debug|Any CPU.Build.0 = Debug|Any CPU
		{681D4C05-256C-40F6-8571-0943DD6D32E6}.Release|Any CPU.ActiveCfg = Release|Any CPU
		{681D4C05-256C-40F6-8571-0943DD6D32E6}.Release|Any CPU.Build.0 = Release|Any CPU
		{FCFCE647-ED25-4222-B161-836BD46BA616}.Debug|Any CPU.ActiveCfg = Debug|Any CPU
		{FCFCE647-ED25-4222-B161-836BD46BA616}.Debug|Any CPU.Build.0 = Debug|Any CPU
		{FCFCE647-ED25-4222-B161-836BD46BA616}.Release|Any CPU.ActiveCfg = Release|Any CPU
		{FCFCE647-ED25-4222-B161-836BD46BA616}.Release|Any CPU.Build.0 = Release|Any CPU
		{ABAD589E-CCCC-4F67-9401-402476F97038}.Debug|Any CPU.ActiveCfg = Debug|Any CPU
		{ABAD589E-CCCC-4F67-9401-402476F97038}.Debug|Any CPU.Build.0 = Debug|Any CPU
		{ABAD589E-CCCC-4F67-9401-402476F97038}.Release|Any CPU.ActiveCfg = Release|Any CPU
		{ABAD589E-CCCC-4F67-9401-402476F97038}.Release|Any CPU.Build.0 = Release|Any CPU
		{C8DF8A0D-D0C1-458E-81CC-17048F63E2EC}.Debug|Any CPU.ActiveCfg = Debug|Any CPU
		{C8DF8A0D-D0C1-458E-81CC-17048F63E2EC}.Debug|Any CPU.Build.0 = Debug|Any CPU
		{C8DF8A0D-D0C1-458E-81CC-17048F63E2EC}.Release|Any CPU.ActiveCfg = Release|Any CPU
		{C8DF8A0D-D0C1-458E-81CC-17048F63E2EC}.Release|Any CPU.Build.0 = Release|Any CPU
		{B9B12DA4-6AD5-4EC9-8E14-F34C6D0B0E00}.Debug|Any CPU.ActiveCfg = Debug|Any CPU
		{B9B12DA4-6AD5-4EC9-8E14-F34C6D0B0E00}.Debug|Any CPU.Build.0 = Debug|Any CPU
		{B9B12DA4-6AD5-4EC9-8E14-F34C6D0B0E00}.Release|Any CPU.ActiveCfg = Release|Any CPU
		{B9B12DA4-6AD5-4EC9-8E14-F34C6D0B0E00}.Release|Any CPU.Build.0 = Release|Any CPU
		{204403FB-A604-4BA8-A239-D4E393EC4813}.Debug|Any CPU.ActiveCfg = Debug|Any CPU
		{204403FB-A604-4BA8-A239-D4E393EC4813}.Debug|Any CPU.Build.0 = Debug|Any CPU
		{204403FB-A604-4BA8-A239-D4E393EC4813}.Release|Any CPU.ActiveCfg = Release|Any CPU
		{204403FB-A604-4BA8-A239-D4E393EC4813}.Release|Any CPU.Build.0 = Release|Any CPU
		{FEFBED32-01B5-414D-BF7A-F58FB5CB2F63}.Debug|Any CPU.ActiveCfg = Debug|Any CPU
		{FEFBED32-01B5-414D-BF7A-F58FB5CB2F63}.Debug|Any CPU.Build.0 = Debug|Any CPU
		{FEFBED32-01B5-414D-BF7A-F58FB5CB2F63}.Release|Any CPU.ActiveCfg = Release|Any CPU
		{FEFBED32-01B5-414D-BF7A-F58FB5CB2F63}.Release|Any CPU.Build.0 = Release|Any CPU
		{020E7597-D950-4543-AA3D-C3E9457708CA}.Debug|Any CPU.ActiveCfg = Debug|Any CPU
		{020E7597-D950-4543-AA3D-C3E9457708CA}.Debug|Any CPU.Build.0 = Debug|Any CPU
		{020E7597-D950-4543-AA3D-C3E9457708CA}.Release|Any CPU.ActiveCfg = Release|Any CPU
		{020E7597-D950-4543-AA3D-C3E9457708CA}.Release|Any CPU.Build.0 = Release|Any CPU
		{55727BFD-4A15-4585-9F5A-08CBA15823BE}.Debug|Any CPU.ActiveCfg = Debug|Any CPU
		{55727BFD-4A15-4585-9F5A-08CBA15823BE}.Debug|Any CPU.Build.0 = Debug|Any CPU
		{55727BFD-4A15-4585-9F5A-08CBA15823BE}.Release|Any CPU.ActiveCfg = Release|Any CPU
		{55727BFD-4A15-4585-9F5A-08CBA15823BE}.Release|Any CPU.Build.0 = Release|Any CPU
		{9413E67B-59BF-490F-80CF-B099092FBB7D}.Debug|Any CPU.ActiveCfg = Debug|Any CPU
		{9413E67B-59BF-490F-80CF-B099092FBB7D}.Debug|Any CPU.Build.0 = Debug|Any CPU
		{9413E67B-59BF-490F-80CF-B099092FBB7D}.Release|Any CPU.ActiveCfg = Release|Any CPU
		{9413E67B-59BF-490F-80CF-B099092FBB7D}.Release|Any CPU.Build.0 = Release|Any CPU
	EndGlobalSection
	GlobalSection(SolutionProperties) = preSolution
		HideSolutionNode = FALSE
	EndGlobalSection
	GlobalSection(NestedProjects) = preSolution
		{681D4C05-256C-40F6-8571-0943DD6D32E6} = {A149BEBC-8C4E-4E77-B9A4-F551E76C3B6A}
		{FCFCE647-ED25-4222-B161-836BD46BA616} = {2323CB1B-EC9B-48C2-BF9B-951AC3D1E296}
		{ABAD589E-CCCC-4F67-9401-402476F97038} = {2323CB1B-EC9B-48C2-BF9B-951AC3D1E296}
		{C8DF8A0D-D0C1-458E-81CC-17048F63E2EC} = {2323CB1B-EC9B-48C2-BF9B-951AC3D1E296}
		{B9B12DA4-6AD5-4EC9-8E14-F34C6D0B0E00} = {E8120271-BE66-46A8-83F9-75A66A3F9510}
		{204403FB-A604-4BA8-A239-D4E393EC4813} = {E8120271-BE66-46A8-83F9-75A66A3F9510}
		{FEFBED32-01B5-414D-BF7A-F58FB5CB2F63} = {E8120271-BE66-46A8-83F9-75A66A3F9510}
		{020E7597-D950-4543-AA3D-C3E9457708CA} = {44316453-2259-43F7-B648-B840375BC822}
		{55727BFD-4A15-4585-9F5A-08CBA15823BE} = {44316453-2259-43F7-B648-B840375BC822}
		{9413E67B-59BF-490F-80CF-B099092FBB7D} = {44316453-2259-43F7-B648-B840375BC822}
	EndGlobalSection
	GlobalSection(ExtensibilityGlobals) = postSolution
		SolutionGuid = {82757B7B-F6CC-4A0C-BF71-B83E904A53D4}
	EndGlobalSection
EndGlobal
