
Microsoft Visual Studio Solution File, Format Version 12.00
# Visual Studio Version 16
VisualStudioVersion = 16.0.34031.81
MinimumVisualStudioVersion = 10.0.40219.1
Project("{2150E333-8FDC-42A3-9474-1A3956D46DE8}") = "Task1", "Task1", "{1C7DF151-9052-4BF4-BF09-E612BC353707}"
EndProject
Project("{FAE04EC0-301F-11D3-BF4B-00C04F79EFBC}") = "Tyuiu.BardievaGA.Sprint0.Task1.V0", "..\Tyuiu.BardievGA.Sprint0\Tyuiu.BardievaGA.Sprint0.Task1.V0\Tyuiu.BardievaGA.Sprint0.Task1.V0.csproj", "{DC691BA3-CB5F-4D8B-A8B7-383660430133}"
EndProject
Global
	GlobalSection(SolutionConfigurationPlatforms) = preSolution
		Debug|Any CPU = Debug|Any CPU
		Debug|x64 = Debug|x64
		Debug|x86 = Debug|x86
		Release|Any CPU = Release|Any CPU
		Release|x64 = Release|x64
		Release|x86 = Release|x86
	EndGlobalSection
	GlobalSection(ProjectConfigurationPlatforms) = postSolution
		{DC691BA3-CB5F-4D8B-A8B7-383660430133}.Debug|Any CPU.ActiveCfg = Debug|Any CPU
		{DC691BA3-CB5F-4D8B-A8B7-383660430133}.Debug|Any CPU.Build.0 = Debug|Any CPU
		{DC691BA3-CB5F-4D8B-A8B7-383660430133}.Debug|x64.ActiveCfg = Debug|Any CPU
		{DC691BA3-CB5F-4D8B-A8B7-383660430133}.Debug|x64.Build.0 = Debug|Any CPU
		{DC691BA3-CB5F-4D8B-A8B7-383660430133}.Debug|x86.ActiveCfg = Debug|Any CPU
		{DC691BA3-CB5F-4D8B-A8B7-383660430133}.Debug|x86.Build.0 = Debug|Any CPU
		{DC691BA3-CB5F-4D8B-A8B7-383660430133}.Release|Any CPU.ActiveCfg = Release|Any CPU
		{DC691BA3-CB5F-4D8B-A8B7-383660430133}.Release|Any CPU.Build.0 = Release|Any CPU
		{DC691BA3-CB5F-4D8B-A8B7-383660430133}.Release|x64.ActiveCfg = Release|Any CPU
		{DC691BA3-CB5F-4D8B-A8B7-383660430133}.Release|x64.Build.0 = Release|Any CPU
		{DC691BA3-CB5F-4D8B-A8B7-383660430133}.Release|x86.ActiveCfg = Release|Any CPU
		{DC691BA3-CB5F-4D8B-A8B7-383660430133}.Release|x86.Build.0 = Release|Any CPU
	EndGlobalSection
	GlobalSection(SolutionProperties) = preSolution
		HideSolutionNode = FALSE
	EndGlobalSection
	GlobalSection(NestedProjects) = preSolution
		{DC691BA3-CB5F-4D8B-A8B7-383660430133} = {1C7DF151-9052-4BF4-BF09-E612BC353707}
	EndGlobalSection
	GlobalSection(ExtensibilityGlobals) = postSolution
		SolutionGuid = {82757B7B-F6CC-4A0C-BF71-B83E904A53D4}
	EndGlobalSection
EndGlobal
