
Microsoft Visual Studio Solution File, Format Version 12.00
# Visual Studio Version 16
VisualStudioVersion = 16.0.34031.81
MinimumVisualStudioVersion = 10.0.40219.1
Project("{2150E333-8FDC-42A3-9474-1A3956D46DE8}") = "Task1", "Task1", "{A149BEBC-8C4E-4E77-B9A4-F551E76C3B6A}"
EndProject
Project("{FAE04EC0-301F-11D3-BF4B-00C04F79EFBC}") = "Tyuiu.BardievGA.Sprint0.Task1.V0", "Tyuiu.BardievGA.Sprint0.Task1.V0\Tyuiu.BardievGA.Sprint0.Task1.V0.csproj", "{681D4C05-256C-40F6-8571-0943DD6D32E6}"
EndProject
Global
	GlobalSection(SolutionConfigurationPlatforms) = preSolution
		Debug|Any CPU = Debug|Any CPU
		Release|Any CPU = Release|Any CPU
	EndGlobalSection
	GlobalSection(ProjectConfigurationPlatforms) = postSolution
		{681D4C05-256C-40F6-8571-0943DD6D32E6}.Debug|Any CPU.ActiveCfg = Debug|Any CPU
		{681D4C05-256C-40F6-8571-0943DD6D32E6}.Debug|Any CPU.Build.0 = Debug|Any CPU
		{681D4C05-256C-40F6-8571-0943DD6D32E6}.Release|Any CPU.ActiveCfg = Release|Any CPU
		{681D4C05-256C-40F6-8571-0943DD6D32E6}.Release|Any CPU.Build.0 = Release|Any CPU
	EndGlobalSection
	GlobalSection(SolutionProperties) = preSolution
		HideSolutionNode = FALSE
	EndGlobalSection
	GlobalSection(NestedProjects) = preSolution
		{681D4C05-256C-40F6-8571-0943DD6D32E6} = {A149BEBC-8C4E-4E77-B9A4-F551E76C3B6A}
	EndGlobalSection
	GlobalSection(ExtensibilityGlobals) = postSolution
		SolutionGuid = {82757B7B-F6CC-4A0C-BF71-B83E904A53D4}
	EndGlobalSection
EndGlobal
